PODS:
  - Chargebee (1.0.9)
  - chargebee_flutter (0.0.1):
    - Chargebee (= 1.0.9)
    - Flutter
  - Flutter (1.0.0)

DEPENDENCIES:
  - chargebee_flutter (from `.symlinks/plugins/chargebee_flutter/ios`)
  - Flutter (from `Flutter`)

SPEC REPOS:
  trunk:
    - Chargebee

EXTERNAL SOURCES:
  chargebee_flutter:
    :path: ".symlinks/plugins/chargebee_flutter/ios"
  Flutter:
    :path: Flutter

SPEC CHECKSUMS:
  Chargebee: fc3ebe8e3405074eb31b36117b1916cb5ced7e1b
  chargebee_flutter: 9fb2c8aa8a83f924a81112331cece3b169c77101
  Flutter: 50d75fe2f02b26cc09d224853bb45737f8b3214a

PODFILE CHECKSUM: aafe91acc616949ddb318b77800a7f51bffa2a4c

COCOAPODS: 1.11.3
