PODS:
  - Chargebee (1.0.15)
  - chargebee_flutter (0.0.6):
    - Chargebee (= 1.0.15)
    - Flutter
  - Flutter (1.0.0)

DEPENDENCIES:
  - chargebee_flutter (from `.symlinks/plugins/chargebee_flutter/ios`)
  - Flutter (from `Flutter`)

SPEC REPOS:
  trunk:
    - Chargebee

EXTERNAL SOURCES:
  chargebee_flutter:
    :path: ".symlinks/plugins/chargebee_flutter/ios"
  Flutter:
    :path: Flutter

SPEC CHECKSUMS:
  Chargebee: 47aa59e2cb199a488cd27864349a42bcd58c3e97
  chargebee_flutter: 6e4368dba4b9b65240b06bfb1af539e36baf3219
  Flutter: 50d75fe2f02b26cc09d224853bb45737f8b3214a

PODFILE CHECKSUM: aafe91acc616949ddb318b77800a7f51bffa2a4c

COCOAPODS: 1.11.3
